// !$*UTF8*$!
{
	archiveVersion = 1;
	classes = {
	};
	objectVersion = 50;
	objects = {

/* Begin PBXBuildFile section */
		326E7DB9281E30B40078528F /* landmarkData.json in Resources */ = {isa = PBXBuildFile; fileRef = 326E7DB8281E30B40078528F /* landmarkData.json */; };
		326E7DBB281E30DE0078528F /* Landmark.swift in Sources */ = {isa = PBXBuildFile; fileRef = 326E7DBA281E30DE0078528F /* Landmark.swift */; };
		326E7DBD281E31FF0078528F /* ModelData.swift in Sources */ = {isa = PBXBuildFile; fileRef = 326E7DBC281E31FF0078528F /* ModelData.swift */; };
		326E7DC4281E33940078528F /* LandmarkRow.swift in Sources */ = {isa = PBXBuildFile; fileRef = 326E7DC3281E33940078528F /* LandmarkRow.swift */; };
		326E7DC6281E36F10078528F /* LandmarkList.swift in Sources */ = {isa = PBXBuildFile; fileRef = 326E7DC5281E36F10078528F /* LandmarkList.swift */; };
		326E7DC8281E39780078528F /* LandmarkDetail.swift in Sources */ = {isa = PBXBuildFile; fileRef = 326E7DC7281E39780078528F /* LandmarkDetail.swift */; };
		326E7DCA281E4A670078528F /* FavoriteButton.swift in Sources */ = {isa = PBXBuildFile; fileRef = 326E7DC9281E4A670078528F /* FavoriteButton.swift */; };
		326E7DCE281E529E0078528F /* HexagonParameters.swift in Sources */ = {isa = PBXBuildFile; fileRef = 326E7DCD281E529E0078528F /* HexagonParameters.swift */; };
		326E7DD0281E535B0078528F /* BadgeBackground.swift in Sources */ = {isa = PBXBuildFile; fileRef = 326E7DCF281E535B0078528F /* BadgeBackground.swift */; };
		326E7DD2281E59870078528F /* BadgeSymbol.swift in Sources */ = {isa = PBXBuildFile; fileRef = 326E7DD1281E59870078528F /* BadgeSymbol.swift */; };
		326E7DD4281E5A420078528F /* RotatedBadgeSymbol.swift in Sources */ = {isa = PBXBuildFile; fileRef = 326E7DD3281E5A420078528F /* RotatedBadgeSymbol.swift */; };
		326E7DD6281E5AFA0078528F /* Badge.swift in Sources */ = {isa = PBXBuildFile; fileRef = 326E7DD5281E5AFA0078528F /* Badge.swift */; };
		326E7DDA281E68CD0078528F /* hikeData.json in Resources */ = {isa = PBXBuildFile; fileRef = 326E7DD9281E68CD0078528F /* hikeData.json */; };
		326E7DDC281E693F0078528F /* Hike.swift in Sources */ = {isa = PBXBuildFile; fileRef = 326E7DDB281E693F0078528F /* Hike.swift */; };
		326E7DE2281E6A580078528F /* GraphCapsule.swift in Sources */ = {isa = PBXBuildFile; fileRef = 326E7DDE281E6A580078528F /* GraphCapsule.swift */; };
		326E7DE3281E6A580078528F /* HikeGraph.swift in Sources */ = {isa = PBXBuildFile; fileRef = 326E7DDF281E6A580078528F /* HikeGraph.swift */; };
		326E7DE4281E6A580078528F /* HikeDetail.swift in Sources */ = {isa = PBXBuildFile; fileRef = 326E7DE0281E6A580078528F /* HikeDetail.swift */; };
		326E7DE5281E6A580078528F /* HikeView.swift in Sources */ = {isa = PBXBuildFile; fileRef = 326E7DE1281E6A580078528F /* HikeView.swift */; };
		326E7DE8281E71EE0078528F /* CategoryHome.swift in Sources */ = {isa = PBXBuildFile; fileRef = 326E7DE7281E71EE0078528F /* CategoryHome.swift */; };
		326E7DEA281E73850078528F /* CategoryRow.swift in Sources */ = {isa = PBXBuildFile; fileRef = 326E7DE9281E73850078528F /* CategoryRow.swift */; };
		326E7DEC281E74AC0078528F /* CategoryItem.swift in Sources */ = {isa = PBXBuildFile; fileRef = 326E7DEB281E74AC0078528F /* CategoryItem.swift */; };
		326E7DEE281E7BC30078528F /* Profile.swift in Sources */ = {isa = PBXBuildFile; fileRef = 326E7DED281E7BC30078528F /* Profile.swift */; };
		326E7DF1281E7C310078528F /* ProfileHost.swift in Sources */ = {isa = PBXBuildFile; fileRef = 326E7DF0281E7C310078528F /* ProfileHost.swift */; };
		326E7DF3281E7C860078528F /* ProfileSummary.swift in Sources */ = {isa = PBXBuildFile; fileRef = 326E7DF2281E7C860078528F /* ProfileSummary.swift */; };
		326E7DF5281E7CE50078528F /* HikeBadge.swift in Sources */ = {isa = PBXBuildFile; fileRef = 326E7DF4281E7CE50078528F /* HikeBadge.swift */; };
		326E7DF7281E7F460078528F /* ProfileEditor.swift in Sources */ = {isa = PBXBuildFile; fileRef = 326E7DF6281E7F460078528F /* ProfileEditor.swift */; };
		326E7DFA281E8D770078528F /* PageViewController.swift in Sources */ = {isa = PBXBuildFile; fileRef = 326E7DF9281E8D770078528F /* PageViewController.swift */; };
		326E7DFC281E8E660078528F /* FeatureCard.swift in Sources */ = {isa = PBXBuildFile; fileRef = 326E7DFB281E8E660078528F /* FeatureCard.swift */; };
		326E7DFE281E8F460078528F /* PageView.swift in Sources */ = {isa = PBXBuildFile; fileRef = 326E7DFD281E8F460078528F /* PageView.swift */; };
		326E7E00281E92BC0078528F /* PageControl.swift in Sources */ = {isa = PBXBuildFile; fileRef = 326E7DFF281E92BC0078528F /* PageControl.swift */; };
		C20D77EE24B665D7002E7AEA /* LandmarksApp.swift in Sources */ = {isa = PBXBuildFile; fileRef = C20D77ED24B665D7002E7AEA /* LandmarksApp.swift */; };
		C20D77F024B665D7002E7AEA /* ContentView.swift in Sources */ = {isa = PBXBuildFile; fileRef = C20D77EF24B665D7002E7AEA /* ContentView.swift */; };
		C20D77F224B665D8002E7AEA /* Assets.xcassets in Resources */ = {isa = PBXBuildFile; fileRef = C20D77F124B665D8002E7AEA /* Assets.xcassets */; };
		C20D77F524B665D8002E7AEA /* Preview Assets.xcassets in Resources */ = {isa = PBXBuildFile; fileRef = C20D77F424B665D8002E7AEA /* Preview Assets.xcassets */; };
		C20D77FD24B668F4002E7AEA /* CircleImage.swift in Sources */ = {isa = PBXBuildFile; fileRef = C20D77FC24B668F4002E7AEA /* CircleImage.swift */; };
		C20D77FF24B67FB3002E7AEA /* MapView.swift in Sources */ = {isa = PBXBuildFile; fileRef = C20D77FE24B67FB3002E7AEA /* MapView.swift */; };
/* End PBXBuildFile section */

/* Begin PBXFileReference section */
		326E7DB8281E30B40078528F /* landmarkData.json */ = {isa = PBXFileReference; fileEncoding = 4; lastKnownFileType = text.json; path = landmarkData.json; sourceTree = "<group>"; };
		326E7DBA281E30DE0078528F /* Landmark.swift */ = {isa = PBXFileReference; lastKnownFileType = sourcecode.swift; path = Landmark.swift; sourceTree = "<group>"; };
		326E7DBC281E31FF0078528F /* ModelData.swift */ = {isa = PBXFileReference; lastKnownFileType = sourcecode.swift; path = ModelData.swift; sourceTree = "<group>"; };
		326E7DC3281E33940078528F /* LandmarkRow.swift */ = {isa = PBXFileReference; lastKnownFileType = sourcecode.swift; path = LandmarkRow.swift; sourceTree = "<group>"; };
		326E7DC5281E36F10078528F /* LandmarkList.swift */ = {isa = PBXFileReference; lastKnownFileType = sourcecode.swift; path = LandmarkList.swift; sourceTree = "<group>"; };
		326E7DC7281E39780078528F /* LandmarkDetail.swift */ = {isa = PBXFileReference; lastKnownFileType = sourcecode.swift; path = LandmarkDetail.swift; sourceTree = "<group>"; };
		326E7DC9281E4A670078528F /* FavoriteButton.swift */ = {isa = PBXFileReference; lastKnownFileType = sourcecode.swift; path = FavoriteButton.swift; sourceTree = "<group>"; };
		326E7DCD281E529E0078528F /* HexagonParameters.swift */ = {isa = PBXFileReference; lastKnownFileType = sourcecode.swift; path = HexagonParameters.swift; sourceTree = "<group>"; };
		326E7DCF281E535B0078528F /* BadgeBackground.swift */ = {isa = PBXFileReference; lastKnownFileType = sourcecode.swift; path = BadgeBackground.swift; sourceTree = "<group>"; };
		326E7DD1281E59870078528F /* BadgeSymbol.swift */ = {isa = PBXFileReference; lastKnownFileType = sourcecode.swift; path = BadgeSymbol.swift; sourceTree = "<group>"; };
		326E7DD3281E5A420078528F /* RotatedBadgeSymbol.swift */ = {isa = PBXFileReference; lastKnownFileType = sourcecode.swift; path = RotatedBadgeSymbol.swift; sourceTree = "<group>"; };
		326E7DD5281E5AFA0078528F /* Badge.swift */ = {isa = PBXFileReference; lastKnownFileType = sourcecode.swift; path = Badge.swift; sourceTree = "<group>"; };
		326E7DD9281E68CD0078528F /* hikeData.json */ = {isa = PBXFileReference; fileEncoding = 4; lastKnownFileType = text.json; path = hikeData.json; sourceTree = "<group>"; };
		326E7DDB281E693F0078528F /* Hike.swift */ = {isa = PBXFileReference; lastKnownFileType = sourcecode.swift; path = Hike.swift; sourceTree = "<group>"; };
		326E7DDE281E6A580078528F /* GraphCapsule.swift */ = {isa = PBXFileReference; fileEncoding = 4; lastKnownFileType = sourcecode.swift; path = GraphCapsule.swift; sourceTree = "<group>"; };
		326E7DDF281E6A580078528F /* HikeGraph.swift */ = {isa = PBXFileReference; fileEncoding = 4; lastKnownFileType = sourcecode.swift; path = HikeGraph.swift; sourceTree = "<group>"; };
		326E7DE0281E6A580078528F /* HikeDetail.swift */ = {isa = PBXFileReference; fileEncoding = 4; lastKnownFileType = sourcecode.swift; path = HikeDetail.swift; sourceTree = "<group>"; };
		326E7DE1281E6A580078528F /* HikeView.swift */ = {isa = PBXFileReference; fileEncoding = 4; lastKnownFileType = sourcecode.swift; path = HikeView.swift; sourceTree = "<group>"; };
		326E7DE7281E71EE0078528F /* CategoryHome.swift */ = {isa = PBXFileReference; lastKnownFileType = sourcecode.swift; path = CategoryHome.swift; sourceTree = "<group>"; };
		326E7DE9281E73850078528F /* CategoryRow.swift */ = {isa = PBXFileReference; lastKnownFileType = sourcecode.swift; path = CategoryRow.swift; sourceTree = "<group>"; };
		326E7DEB281E74AC0078528F /* CategoryItem.swift */ = {isa = PBXFileReference; lastKnownFileType = sourcecode.swift; path = CategoryItem.swift; sourceTree = "<group>"; };
		326E7DED281E7BC30078528F /* Profile.swift */ = {isa = PBXFileReference; lastKnownFileType = sourcecode.swift; path = Profile.swift; sourceTree = "<group>"; };
		326E7DF0281E7C310078528F /* ProfileHost.swift */ = {isa = PBXFileReference; lastKnownFileType = sourcecode.swift; path = ProfileHost.swift; sourceTree = "<group>"; };
		326E7DF2281E7C860078528F /* ProfileSummary.swift */ = {isa = PBXFileReference; lastKnownFileType = sourcecode.swift; path = ProfileSummary.swift; sourceTree = "<group>"; };
		326E7DF4281E7CE50078528F /* HikeBadge.swift */ = {isa = PBXFileReference; lastKnownFileType = sourcecode.swift; path = HikeBadge.swift; sourceTree = "<group>"; };
		326E7DF6281E7F460078528F /* ProfileEditor.swift */ = {isa = PBXFileReference; lastKnownFileType = sourcecode.swift; path = ProfileEditor.swift; sourceTree = "<group>"; };
		326E7DF9281E8D770078528F /* PageViewController.swift */ = {isa = PBXFileReference; lastKnownFileType = sourcecode.swift; path = PageViewController.swift; sourceTree = "<group>"; };
		326E7DFB281E8E660078528F /* FeatureCard.swift */ = {isa = PBXFileReference; lastKnownFileType = sourcecode.swift; path = FeatureCard.swift; sourceTree = "<group>"; };
		326E7DFD281E8F460078528F /* PageView.swift */ = {isa = PBXFileReference; lastKnownFileType = sourcecode.swift; path = PageView.swift; sourceTree = "<group>"; };
		326E7DFF281E92BC0078528F /* PageControl.swift */ = {isa = PBXFileReference; lastKnownFileType = sourcecode.swift; path = PageControl.swift; sourceTree = "<group>"; };
		C20D77EA24B665D7002E7AEA /* Landmarks.app */ = {isa = PBXFileReference; explicitFileType = wrapper.application; includeInIndex = 0; path = Landmarks.app; sourceTree = BUILT_PRODUCTS_DIR; };
		C20D77ED24B665D7002E7AEA /* LandmarksApp.swift */ = {isa = PBXFileReference; lastKnownFileType = sourcecode.swift; path = LandmarksApp.swift; sourceTree = "<group>"; };
		C20D77EF24B665D7002E7AEA /* ContentView.swift */ = {isa = PBXFileReference; lastKnownFileType = sourcecode.swift; path = ContentView.swift; sourceTree = "<group>"; };
		C20D77F124B665D8002E7AEA /* Assets.xcassets */ = {isa = PBXFileReference; lastKnownFileType = folder.assetcatalog; path = Assets.xcassets; sourceTree = "<group>"; };
		C20D77F424B665D8002E7AEA /* Preview Assets.xcassets */ = {isa = PBXFileReference; lastKnownFileType = folder.assetcatalog; path = "Preview Assets.xcassets"; sourceTree = "<group>"; };
		C20D77F624B665D8002E7AEA /* Info.plist */ = {isa = PBXFileReference; lastKnownFileType = text.plist.xml; path = Info.plist; sourceTree = "<group>"; };
		C20D77FC24B668F4002E7AEA /* CircleImage.swift */ = {isa = PBXFileReference; lastKnownFileType = sourcecode.swift; path = CircleImage.swift; sourceTree = "<group>"; };
		C20D77FE24B67FB3002E7AEA /* MapView.swift */ = {isa = PBXFileReference; lastKnownFileType = sourcecode.swift; path = MapView.swift; sourceTree = "<group>"; };
		C2AC4E8924DE1856005E019B /* README.md */ = {isa = PBXFileReference; fileEncoding = 4; lastKnownFileType = net.daringfireball.markdown; path = README.md; sourceTree = "<group>"; };
		D37C64DBD0434958E334DB7A /* LICENSE.txt */ = {isa = PBXFileReference; includeInIndex = 1; lastKnownFileType = text; path = LICENSE.txt; sourceTree = "<group>"; };
		EAFCC7FAFBD54E954DE59292 /* SampleCode.xcconfig */ = {isa = PBXFileReference; lastKnownFileType = text.xcconfig; name = SampleCode.xcconfig; path = Configuration/SampleCode.xcconfig; sourceTree = "<group>"; };
/* End PBXFileReference section */

/* Begin PBXFrameworksBuildPhase section */
		C20D77E724B665D7002E7AEA /* Frameworks */ = {
			isa = PBXFrameworksBuildPhase;
			buildActionMask = 2147483647;
			files = (
			);
			runOnlyForDeploymentPostprocessing = 0;
		};
/* End PBXFrameworksBuildPhase section */

/* Begin PBXGroup section */
		201EA7EE79E5C62AEE7F9426 /* LICENSE */ = {
			isa = PBXGroup;
			children = (
				D37C64DBD0434958E334DB7A /* LICENSE.txt */,
			);
			path = LICENSE;
			sourceTree = "<group>";
		};
		326E7DBF281E330A0078528F /* Views */ = {
			isa = PBXGroup;
			children = (
				326E7DF8281E8D5F0078528F /* PageView */,
				326E7DEF281E7C210078528F /* Profiles */,
				326E7DE6281E71DF0078528F /* Categories */,
				C20D77EF24B665D7002E7AEA /* ContentView.swift */,
				326E7DDD281E6A580078528F /* Hikes */,
				326E7DCC281E4B390078528F /* Helpers */,
				326E7DCB281E4B260078528F /* Landmarks */,
				326E7DD8281E5BE30078528F /* Badges */,
			);
			path = Views;
			sourceTree = "<group>";
		};
		326E7DC0281E33180078528F /* Model */ = {
			isa = PBXGroup;
			children = (
				326E7DBC281E31FF0078528F /* ModelData.swift */,
				326E7DBA281E30DE0078528F /* Landmark.swift */,
				326E7DED281E7BC30078528F /* Profile.swift */,
				326E7DDB281E693F0078528F /* Hike.swift */,
				326E7DFB281E8E660078528F /* FeatureCard.swift */,
			);
			path = Model;
			sourceTree = "<group>";
		};
		326E7DC1281E33210078528F /* Resources */ = {
			isa = PBXGroup;
			children = (
				326E7DD9281E68CD0078528F /* hikeData.json */,
				326E7DB8281E30B40078528F /* landmarkData.json */,
			);
			path = Resources;
			sourceTree = "<group>";
		};
		326E7DCB281E4B260078528F /* Landmarks */ = {
			isa = PBXGroup;
			children = (
				326E7DC3281E33940078528F /* LandmarkRow.swift */,
				326E7DC5281E36F10078528F /* LandmarkList.swift */,
				326E7DC7281E39780078528F /* LandmarkDetail.swift */,
			);
			path = Landmarks;
			sourceTree = "<group>";
		};
		326E7DCC281E4B390078528F /* Helpers */ = {
			isa = PBXGroup;
			children = (
				C20D77FC24B668F4002E7AEA /* CircleImage.swift */,
				C20D77FE24B67FB3002E7AEA /* MapView.swift */,
				326E7DC9281E4A670078528F /* FavoriteButton.swift */,
			);
			path = Helpers;
			sourceTree = "<group>";
		};
		326E7DD8281E5BE30078528F /* Badges */ = {
			isa = PBXGroup;
			children = (
				326E7DCD281E529E0078528F /* HexagonParameters.swift */,
				326E7DCF281E535B0078528F /* BadgeBackground.swift */,
				326E7DD1281E59870078528F /* BadgeSymbol.swift */,
				326E7DD3281E5A420078528F /* RotatedBadgeSymbol.swift */,
				326E7DD5281E5AFA0078528F /* Badge.swift */,
			);
			path = Badges;
			sourceTree = "<group>";
		};
		326E7DDD281E6A580078528F /* Hikes */ = {
			isa = PBXGroup;
			children = (
				326E7DDE281E6A580078528F /* GraphCapsule.swift */,
				326E7DDF281E6A580078528F /* HikeGraph.swift */,
				326E7DE0281E6A580078528F /* HikeDetail.swift */,
				326E7DE1281E6A580078528F /* HikeView.swift */,
				326E7DF4281E7CE50078528F /* HikeBadge.swift */,
			);
			path = Hikes;
			sourceTree = "<group>";
		};
		326E7DE6281E71DF0078528F /* Categories */ = {
			isa = PBXGroup;
			children = (
				326E7DE7281E71EE0078528F /* CategoryHome.swift */,
				326E7DE9281E73850078528F /* CategoryRow.swift */,
				326E7DEB281E74AC0078528F /* CategoryItem.swift */,
			);
			path = Categories;
			sourceTree = "<group>";
		};
		326E7DEF281E7C210078528F /* Profiles */ = {
			isa = PBXGroup;
			children = (
				326E7DF0281E7C310078528F /* ProfileHost.swift */,
				326E7DF2281E7C860078528F /* ProfileSummary.swift */,
				326E7DF6281E7F460078528F /* ProfileEditor.swift */,
			);
			path = Profiles;
			sourceTree = "<group>";
		};
		326E7DF8281E8D5F0078528F /* PageView */ = {
			isa = PBXGroup;
			children = (
				326E7DF9281E8D770078528F /* PageViewController.swift */,
				326E7DFD281E8F460078528F /* PageView.swift */,
				326E7DFF281E92BC0078528F /* PageControl.swift */,
			);
			path = PageView;
			sourceTree = "<group>";
		};
		C20D77E124B665D7002E7AEA = {
			isa = PBXGroup;
			children = (
				C2AC4E8924DE1856005E019B /* README.md */,
				C20D77EC24B665D7002E7AEA /* Landmarks */,
				C20D77EB24B665D7002E7AEA /* Products */,
				EE393712D7B336982239DD17 /* Configuration */,
				201EA7EE79E5C62AEE7F9426 /* LICENSE */,
			);
			sourceTree = "<group>";
		};
		C20D77EB24B665D7002E7AEA /* Products */ = {
			isa = PBXGroup;
			children = (
				C20D77EA24B665D7002E7AEA /* Landmarks.app */,
			);
			name = Products;
			sourceTree = "<group>";
		};
		C20D77EC24B665D7002E7AEA /* Landmarks */ = {
			isa = PBXGroup;
			children = (
				C20D77ED24B665D7002E7AEA /* LandmarksApp.swift */,
				326E7DBF281E330A0078528F /* Views */,
				326E7DC0281E33180078528F /* Model */,
				326E7DC1281E33210078528F /* Resources */,
				C20D77F124B665D8002E7AEA /* Assets.xcassets */,
				C20D77F624B665D8002E7AEA /* Info.plist */,
				C20D77F324B665D8002E7AEA /* Preview Content */,
			);
			path = Landmarks;
			sourceTree = "<group>";
		};
		C20D77F324B665D8002E7AEA /* Preview Content */ = {
			isa = PBXGroup;
			children = (
				C20D77F424B665D8002E7AEA /* Preview Assets.xcassets */,
			);
			path = "Preview Content";
			sourceTree = "<group>";
		};
		EE393712D7B336982239DD17 /* Configuration */ = {
			isa = PBXGroup;
			children = (
				EAFCC7FAFBD54E954DE59292 /* SampleCode.xcconfig */,
			);
			name = Configuration;
			sourceTree = "<group>";
		};
/* End PBXGroup section */

/* Begin PBXNativeTarget section */
		C20D77E924B665D7002E7AEA /* Landmarks */ = {
			isa = PBXNativeTarget;
			buildConfigurationList = C20D77F924B665D8002E7AEA /* Build configuration list for PBXNativeTarget "Landmarks" */;
			buildPhases = (
				C20D77E624B665D7002E7AEA /* Sources */,
				C20D77E724B665D7002E7AEA /* Frameworks */,
				C20D77E824B665D7002E7AEA /* Resources */,
			);
			buildRules = (
			);
			dependencies = (
			);
			name = Landmarks;
			productName = Landmarks;
			productReference = C20D77EA24B665D7002E7AEA /* Landmarks.app */;
			productType = "com.apple.product-type.application";
		};
/* End PBXNativeTarget section */

/* Begin PBXProject section */
		C20D77E224B665D7002E7AEA /* Project object */ = {
			isa = PBXProject;
			attributes = {
				LastSwiftUpdateCheck = 1200;
				LastUpgradeCheck = 1200;
				ORGANIZATIONNAME = Apple;
				TargetAttributes = {
					C20D77E924B665D7002E7AEA = {
						CreatedOnToolsVersion = 12.0;
					};
				};
			};
			buildConfigurationList = C20D77E524B665D7002E7AEA /* Build configuration list for PBXProject "CreatingAndCombiningViews" */;
			compatibilityVersion = "Xcode 9.3";
			developmentRegion = en;
			hasScannedForEncodings = 0;
			knownRegions = (
				en,
				Base,
			);
			mainGroup = C20D77E124B665D7002E7AEA;
			productRefGroup = C20D77EB24B665D7002E7AEA /* Products */;
			projectDirPath = "";
			projectRoot = "";
			targets = (
				C20D77E924B665D7002E7AEA /* Landmarks */,
			);
		};
/* End PBXProject section */

/* Begin PBXResourcesBuildPhase section */
		C20D77E824B665D7002E7AEA /* Resources */ = {
			isa = PBXResourcesBuildPhase;
			buildActionMask = 2147483647;
			files = (
				326E7DDA281E68CD0078528F /* hikeData.json in Resources */,
				C20D77F524B665D8002E7AEA /* Preview Assets.xcassets in Resources */,
				C20D77F224B665D8002E7AEA /* Assets.xcassets in Resources */,
				326E7DB9281E30B40078528F /* landmarkData.json in Resources */,
			);
			runOnlyForDeploymentPostprocessing = 0;
		};
/* End PBXResourcesBuildPhase section */

/* Begin PBXSourcesBuildPhase section */
		C20D77E624B665D7002E7AEA /* Sources */ = {
			isa = PBXSourcesBuildPhase;
			buildActionMask = 2147483647;
			files = (
				326E7DEA281E73850078528F /* CategoryRow.swift in Sources */,
				326E7DEE281E7BC30078528F /* Profile.swift in Sources */,
				C20D77F024B665D7002E7AEA /* ContentView.swift in Sources */,
				326E7DE8281E71EE0078528F /* CategoryHome.swift in Sources */,
				326E7DFC281E8E660078528F /* FeatureCard.swift in Sources */,
				326E7DE3281E6A580078528F /* HikeGraph.swift in Sources */,
				326E7DD6281E5AFA0078528F /* Badge.swift in Sources */,
				C20D77FF24B67FB3002E7AEA /* MapView.swift in Sources */,
				326E7DE2281E6A580078528F /* GraphCapsule.swift in Sources */,
				C20D77EE24B665D7002E7AEA /* LandmarksApp.swift in Sources */,
				326E7E00281E92BC0078528F /* PageControl.swift in Sources */,
				326E7DCA281E4A670078528F /* FavoriteButton.swift in Sources */,
				326E7DEC281E74AC0078528F /* CategoryItem.swift in Sources */,
				326E7DE4281E6A580078528F /* HikeDetail.swift in Sources */,
				326E7DF3281E7C860078528F /* ProfileSummary.swift in Sources */,
				326E7DCE281E529E0078528F /* HexagonParameters.swift in Sources */,
				326E7DF1281E7C310078528F /* ProfileHost.swift in Sources */,
				326E7DDC281E693F0078528F /* Hike.swift in Sources */,
				326E7DD4281E5A420078528F /* RotatedBadgeSymbol.swift in Sources */,
				326E7DFE281E8F460078528F /* PageView.swift in Sources */,
				326E7DD2281E59870078528F /* BadgeSymbol.swift in Sources */,
				326E7DF7281E7F460078528F /* ProfileEditor.swift in Sources */,
				326E7DC6281E36F10078528F /* LandmarkList.swift in Sources */,
				326E7DE5281E6A580078528F /* HikeView.swift in Sources */,
				326E7DC8281E39780078528F /* LandmarkDetail.swift in Sources */,
				326E7DFA281E8D770078528F /* PageViewController.swift in Sources */,
				326E7DD0281E535B0078528F /* BadgeBackground.swift in Sources */,
				326E7DF5281E7CE50078528F /* HikeBadge.swift in Sources */,
				C20D77FD24B668F4002E7AEA /* CircleImage.swift in Sources */,
				326E7DBB281E30DE0078528F /* Landmark.swift in Sources */,
				326E7DC4281E33940078528F /* LandmarkRow.swift in Sources */,
				326E7DBD281E31FF0078528F /* ModelData.swift in Sources */,
			);
			runOnlyForDeploymentPostprocessing = 0;
		};
/* End PBXSourcesBuildPhase section */

/* Begin XCBuildConfiguration section */
		C20D77F724B665D8002E7AEA /* Debug */ = {
			isa = XCBuildConfiguration;
			baseConfigurationReference = EAFCC7FAFBD54E954DE59292 /* SampleCode.xcconfig */;
			buildSettings = {
				ALWAYS_SEARCH_USER_PATHS = NO;
				CLANG_ANALYZER_NONNULL = YES;
				CLANG_ANALYZER_NUMBER_OBJECT_CONVERSION = YES_AGGRESSIVE;
				CLANG_CXX_LANGUAGE_STANDARD = "gnu++14";
				CLANG_CXX_LIBRARY = "libc++";
				CLANG_ENABLE_MODULES = YES;
				CLANG_ENABLE_OBJC_ARC = YES;
				CLANG_ENABLE_OBJC_WEAK = YES;
				CLANG_WARN_BLOCK_CAPTURE_AUTORELEASING = YES;
				CLANG_WARN_BOOL_CONVERSION = YES;
				CLANG_WARN_COMMA = YES;
				CLANG_WARN_CONSTANT_CONVERSION = YES;
				CLANG_WARN_DEPRECATED_OBJC_IMPLEMENTATIONS = YES;
				CLANG_WARN_DIRECT_OBJC_ISA_USAGE = YES_ERROR;
				CLANG_WARN_DOCUMENTATION_COMMENTS = YES;
				CLANG_WARN_EMPTY_BODY = YES;
				CLANG_WARN_ENUM_CONVERSION = YES;
				CLANG_WARN_INFINITE_RECURSION = YES;
				CLANG_WARN_INT_CONVERSION = YES;
				CLANG_WARN_NON_LITERAL_NULL_CONVERSION = YES;
				CLANG_WARN_OBJC_IMPLICIT_RETAIN_SELF = YES;
				CLANG_WARN_OBJC_LITERAL_CONVERSION = YES;
				CLANG_WARN_OBJC_ROOT_CLASS = YES_ERROR;
				CLANG_WARN_QUOTED_INCLUDE_IN_FRAMEWORK_HEADER = YES;
				CLANG_WARN_RANGE_LOOP_ANALYSIS = YES;
				CLANG_WARN_STRICT_PROTOTYPES = YES;
				CLANG_WARN_SUSPICIOUS_MOVE = YES;
				CLANG_WARN_UNGUARDED_AVAILABILITY = YES_AGGRESSIVE;
				CLANG_WARN_UNREACHABLE_CODE = YES;
				CLANG_WARN__DUPLICATE_METHOD_MATCH = YES;
				COPY_PHASE_STRIP = NO;
				DEBUG_INFORMATION_FORMAT = dwarf;
				ENABLE_STRICT_OBJC_MSGSEND = YES;
				ENABLE_TESTABILITY = YES;
				GCC_C_LANGUAGE_STANDARD = gnu11;
				GCC_DYNAMIC_NO_PIC = NO;
				GCC_NO_COMMON_BLOCKS = YES;
				GCC_OPTIMIZATION_LEVEL = 0;
				GCC_PREPROCESSOR_DEFINITIONS = (
					"DEBUG=1",
					"$(inherited)",
				);
				GCC_WARN_64_TO_32_BIT_CONVERSION = YES;
				GCC_WARN_ABOUT_RETURN_TYPE = YES_ERROR;
				GCC_WARN_UNDECLARED_SELECTOR = YES;
				GCC_WARN_UNINITIALIZED_AUTOS = YES_AGGRESSIVE;
				GCC_WARN_UNUSED_FUNCTION = YES;
				GCC_WARN_UNUSED_VARIABLE = YES;
				IPHONEOS_DEPLOYMENT_TARGET = 14.0;
				MTL_ENABLE_DEBUG_INFO = INCLUDE_SOURCE;
				MTL_FAST_MATH = YES;
				ONLY_ACTIVE_ARCH = YES;
				SDKROOT = iphoneos;
				SWIFT_ACTIVE_COMPILATION_CONDITIONS = DEBUG;
				SWIFT_OPTIMIZATION_LEVEL = "-Onone";
			};
			name = Debug;
		};
		C20D77F824B665D8002E7AEA /* Release */ = {
			isa = XCBuildConfiguration;
			baseConfigurationReference = EAFCC7FAFBD54E954DE59292 /* SampleCode.xcconfig */;
			buildSettings = {
				ALWAYS_SEARCH_USER_PATHS = NO;
				CLANG_ANALYZER_NONNULL = YES;
				CLANG_ANALYZER_NUMBER_OBJECT_CONVERSION = YES_AGGRESSIVE;
				CLANG_CXX_LANGUAGE_STANDARD = "gnu++14";
				CLANG_CXX_LIBRARY = "libc++";
				CLANG_ENABLE_MODULES = YES;
				CLANG_ENABLE_OBJC_ARC = YES;
				CLANG_ENABLE_OBJC_WEAK = YES;
				CLANG_WARN_BLOCK_CAPTURE_AUTORELEASING = YES;
				CLANG_WARN_BOOL_CONVERSION = YES;
				CLANG_WARN_COMMA = YES;
				CLANG_WARN_CONSTANT_CONVERSION = YES;
				CLANG_WARN_DEPRECATED_OBJC_IMPLEMENTATIONS = YES;
				CLANG_WARN_DIRECT_OBJC_ISA_USAGE = YES_ERROR;
				CLANG_WARN_DOCUMENTATION_COMMENTS = YES;
				CLANG_WARN_EMPTY_BODY = YES;
				CLANG_WARN_ENUM_CONVERSION = YES;
				CLANG_WARN_INFINITE_RECURSION = YES;
				CLANG_WARN_INT_CONVERSION = YES;
				CLANG_WARN_NON_LITERAL_NULL_CONVERSION = YES;
				CLANG_WARN_OBJC_IMPLICIT_RETAIN_SELF = YES;
				CLANG_WARN_OBJC_LITERAL_CONVERSION = YES;
				CLANG_WARN_OBJC_ROOT_CLASS = YES_ERROR;
				CLANG_WARN_QUOTED_INCLUDE_IN_FRAMEWORK_HEADER = YES;
				CLANG_WARN_RANGE_LOOP_ANALYSIS = YES;
				CLANG_WARN_STRICT_PROTOTYPES = YES;
				CLANG_WARN_SUSPICIOUS_MOVE = YES;
				CLANG_WARN_UNGUARDED_AVAILABILITY = YES_AGGRESSIVE;
				CLANG_WARN_UNREACHABLE_CODE = YES;
				CLANG_WARN__DUPLICATE_METHOD_MATCH = YES;
				COPY_PHASE_STRIP = NO;
				DEBUG_INFORMATION_FORMAT = "dwarf-with-dsym";
				ENABLE_NS_ASSERTIONS = NO;
				ENABLE_STRICT_OBJC_MSGSEND = YES;
				GCC_C_LANGUAGE_STANDARD = gnu11;
				GCC_NO_COMMON_BLOCKS = YES;
				GCC_WARN_64_TO_32_BIT_CONVERSION = YES;
				GCC_WARN_ABOUT_RETURN_TYPE = YES_ERROR;
				GCC_WARN_UNDECLARED_SELECTOR = YES;
				GCC_WARN_UNINITIALIZED_AUTOS = YES_AGGRESSIVE;
				GCC_WARN_UNUSED_FUNCTION = YES;
				GCC_WARN_UNUSED_VARIABLE = YES;
				IPHONEOS_DEPLOYMENT_TARGET = 14.0;
				MTL_ENABLE_DEBUG_INFO = NO;
				MTL_FAST_MATH = YES;
				SDKROOT = iphoneos;
				SWIFT_COMPILATION_MODE = wholemodule;
				SWIFT_OPTIMIZATION_LEVEL = "-O";
				VALIDATE_PRODUCT = YES;
			};
			name = Release;
		};
		C20D77FA24B665D8002E7AEA /* Debug */ = {
			isa = XCBuildConfiguration;
			baseConfigurationReference = EAFCC7FAFBD54E954DE59292 /* SampleCode.xcconfig */;
			buildSettings = {
				ASSETCATALOG_COMPILER_APPICON_NAME = AppIcon;
				ASSETCATALOG_COMPILER_GLOBAL_ACCENT_COLOR_NAME = AccentColor;
				CODE_SIGN_STYLE = Automatic;
				DEVELOPMENT_ASSET_PATHS = "\"Landmarks/Preview Content\"";
				DEVELOPMENT_TEAM = "";
				ENABLE_PREVIEWS = YES;
				INFOPLIST_FILE = Landmarks/Info.plist;
				IPHONEOS_DEPLOYMENT_TARGET = 15.0;
				LD_RUNPATH_SEARCH_PATHS = (
					"$(inherited)",
					"@executable_path/Frameworks",
				);
				PRODUCT_BUNDLE_IDENTIFIER = "com.example.apple-samplecode.Landmarks${SAMPLE_CODE_DISAMBIGUATOR}";
				PRODUCT_NAME = "$(TARGET_NAME)";
				PROVISIONING_PROFILE_SPECIFIER = "";
				SWIFT_VERSION = 5.0;
				TARGETED_DEVICE_FAMILY = "1,2";
			};
			name = Debug;
		};
		C20D77FB24B665D8002E7AEA /* Release */ = {
			isa = XCBuildConfiguration;
			baseConfigurationReference = EAFCC7FAFBD54E954DE59292 /* SampleCode.xcconfig */;
			buildSettings = {
				ASSETCATALOG_COMPILER_APPICON_NAME = AppIcon;
				ASSETCATALOG_COMPILER_GLOBAL_ACCENT_COLOR_NAME = AccentColor;
				CODE_SIGN_STYLE = Automatic;
				DEVELOPMENT_ASSET_PATHS = "\"Landmarks/Preview Content\"";
				DEVELOPMENT_TEAM = "";
				ENABLE_PREVIEWS = YES;
				INFOPLIST_FILE = Landmarks/Info.plist;
				IPHONEOS_DEPLOYMENT_TARGET = 15.0;
				LD_RUNPATH_SEARCH_PATHS = (
					"$(inherited)",
					"@executable_path/Frameworks",
				);
				PRODUCT_BUNDLE_IDENTIFIER = "com.example.apple-samplecode.Landmarks${SAMPLE_CODE_DISAMBIGUATOR}";
				PRODUCT_NAME = "$(TARGET_NAME)";
				PROVISIONING_PROFILE_SPECIFIER = "";
				SWIFT_VERSION = 5.0;
				TARGETED_DEVICE_FAMILY = "1,2";
			};
			name = Release;
		};
/* End XCBuildConfiguration section */

/* Begin XCConfigurationList section */
		C20D77E524B665D7002E7AEA /* Build configuration list for PBXProject "CreatingAndCombiningViews" */ = {
			isa = XCConfigurationList;
			buildConfigurations = (
				C20D77F724B665D8002E7AEA /* Debug */,
				C20D77F824B665D8002E7AEA /* Release */,
			);
			defaultConfigurationIsVisible = 0;
			defaultConfigurationName = Release;
		};
		C20D77F924B665D8002E7AEA /* Build configuration list for PBXNativeTarget "Landmarks" */ = {
			isa = XCConfigurationList;
			buildConfigurations = (
				C20D77FA24B665D8002E7AEA /* Debug */,
				C20D77FB24B665D8002E7AEA /* Release */,
			);
			defaultConfigurationIsVisible = 0;
			defaultConfigurationName = Release;
		};
/* End XCConfigurationList section */
	};
	rootObject = C20D77E224B665D7002E7AEA /* Project object */;
}
